
Microsoft Visual Studio Solution File, Format Version 12.00
# Visual Studio Version 17
VisualStudioVersion = 17.7.34009.444
MinimumVisualStudioVersion = 10.0.40219.1
Project("{2150E333-8FDC-42A3-9474-1A3956D46DE8}") = "01_MiniTools", "01_MiniTools", "{9FB19FE4-62F0-40B5-9DE2-25348FD24BE6}"
EndProject
Project("{8BC9CEB8-8B4A-11D0-8D11-00A0C91BC942}") = "LibXenoverse", "LibXenoverse\LibXenoverse\LibXenoverse.vcxproj", "{4002449E-E580-472F-84B2-81EEE5991C3F}"
EndProject
Project("{8BC9CEB8-8B4A-11D0-8D11-00A0C91BC942}") = "XenoXmlConverter", "LibXenoverse\XenoXmlConverter\XenoXmlConverter.vcxproj", "{48578196-FE20-453B-9EE6-7527E07D0A14}"
	ProjectSection(ProjectDependencies) = postProject
		{4002449E-E580-472F-84B2-81EEE5991C3F} = {4002449E-E580-472F-84B2-81EEE5991C3F}
	EndProjectSection
EndProject
Global
	GlobalSection(SolutionConfigurationPlatforms) = preSolution
		Debug|Win32 = Debug|Win32
		Release|Win32 = Release|Win32
	EndGlobalSection
	GlobalSection(ProjectConfigurationPlatforms) = postSolution
		{4002449E-E580-472F-84B2-81EEE5991C3F}.Debug|Win32.ActiveCfg = Debug|Win32
		{4002449E-E580-472F-84B2-81EEE5991C3F}.Debug|Win32.Build.0 = Debug|Win32
		{4002449E-E580-472F-84B2-81EEE5991C3F}.Release|Win32.ActiveCfg = Release|Win32
		{4002449E-E580-472F-84B2-81EEE5991C3F}.Release|Win32.Build.0 = Release|Win32
		{48578196-FE20-453B-9EE6-7527E07D0A14}.Debug|Win32.ActiveCfg = Debug|Win32
		{48578196-FE20-453B-9EE6-7527E07D0A14}.Debug|Win32.Build.0 = Debug|Win32
		{48578196-FE20-453B-9EE6-7527E07D0A14}.Release|Win32.ActiveCfg = Release|Win32
		{48578196-FE20-453B-9EE6-7527E07D0A14}.Release|Win32.Build.0 = Release|Win32
	EndGlobalSection
	GlobalSection(SolutionProperties) = preSolution
		HideSolutionNode = FALSE
	EndGlobalSection
	GlobalSection(NestedProjects) = preSolution
		{48578196-FE20-453B-9EE6-7527E07D0A14} = {9FB19FE4-62F0-40B5-9DE2-25348FD24BE6}
	EndGlobalSection
	GlobalSection(ExtensibilityGlobals) = postSolution
		SolutionGuid = {319F861F-8560-451D-BBE1-11FCDB6ED35C}
	EndGlobalSection
EndGlobal
