<?xml version="1.0" encoding="utf-8"?>
<Project ToolsVersion="4.0" xmlns="http://schemas.microsoft.com/developer/msbuild/2003">
  <ItemGroup>
    <Filter Include="Common">
      <UniqueIdentifier>{07f1a1e0-b1f1-4844-8680-7ea1a660a047}</UniqueIdentifier>
    </Filter>
    <Filter Include="External">
      <UniqueIdentifier>{2144ae5c-ad6d-43c8-87b6-bc5d0fbbfeeb}</UniqueIdentifier>
    </Filter>
    <Filter Include="External\tinyxml">
      <UniqueIdentifier>{b3684e13-e2da-4b9b-b3f9-81896efaf6bd}</UniqueIdentifier>
    </Filter>
    <Filter Include="EMO">
      <UniqueIdentifier>{2236ac8b-d3df-4a32-8995-a5df50f93693}</UniqueIdentifier>
    </Filter>
    <Filter Include="Havok">
      <UniqueIdentifier>{6bc47113-6233-4dbb-b3f5-50a053c14d7e}</UniqueIdentifier>
    </Filter>
  </ItemGroup>
  <ItemGroup>
    <ClInclude Include="tinyxml\tinystr.h">
      <Filter>External\tinyxml</Filter>
    </ClInclude>
    <ClInclude Include="tinyxml\tinyxml.h">
      <Filter>External\tinyxml</Filter>
    </ClInclude>
    <ClInclude Include="half.h">
      <Filter>External</Filter>
    </ClInclude>
    <ClInclude Include="LibXenoverse.h">
      <Filter>Common</Filter>
    </ClInclude>
    <ClInclude Include="XenoMath.h">
      <Filter>Common</Filter>
    </ClInclude>
    <ClInclude Include="XenoFiles.h">
      <Filter>Common</Filter>
    </ClInclude>
    <ClInclude Include="EMO_BaseFile.h">
      <Filter>EMO</Filter>
    </ClInclude>
    <ClInclude Include="EMO_common.h">
      <Filter>EMO</Filter>
    </ClInclude>
    <ClInclude Include="stdafx.h">
      <Filter>Common</Filter>
    </ClInclude>
    <ClInclude Include="Havok.h">
      <Filter>Havok</Filter>
    </ClInclude>
  </ItemGroup>
  <ItemGroup>
    <ClCompile Include="tinyxml\tinyxml.cpp">
      <Filter>External\tinyxml</Filter>
    </ClCompile>
    <ClCompile Include="tinyxml\tinyxmlerror.cpp">
      <Filter>External\tinyxml</Filter>
    </ClCompile>
    <ClCompile Include="tinyxml\tinyxmlparser.cpp">
      <Filter>External\tinyxml</Filter>
    </ClCompile>
    <ClCompile Include="tinyxml\tinystr.cpp">
      <Filter>External\tinyxml</Filter>
    </ClCompile>
    <ClCompile Include="half.cpp">
      <Filter>External</Filter>
    </ClCompile>
    <ClCompile Include="XenoMath.cpp">
      <Filter>Common</Filter>
    </ClCompile>
    <ClCompile Include="XenoFiles.cpp">
      <Filter>Common</Filter>
    </ClCompile>
    <ClCompile Include="EMO_BaseFile.cpp">
      <Filter>EMO</Filter>
    </ClCompile>
    <ClCompile Include="stdafx.cpp">
      <Filter>Common</Filter>
    </ClCompile>
    <ClCompile Include="Havok.cpp">
      <Filter>Havok</Filter>
    </ClCompile>
  </ItemGroup>
</Project>